
Microsoft Visual Studio Solution File, Format Version 12.00
# Visual Studio Version 16
VisualStudioVersion = 16.0.30011.22
MinimumVisualStudioVersion = 10.0.40219.1
Project("{FAE04EC0-301F-11D3-BF4B-00C04F79EFBC}") = "WebApplication5", "WebApplication5\WebApplication5.csproj", "{9C8CDA30-E33D-4581-8280-A4457A9E77F1}"
EndProject
Global
	GlobalSection(SolutionConfigurationPlatforms) = preSolution
		Debug|Any CPU = Debug|Any CPU
		Release|Any CPU = Release|Any CPU
	EndGlobalSection
	GlobalSection(ProjectConfigurationPlatforms) = postSolution
		{9C8CDA30-E33D-4581-8280-A4457A9E77F1}.Debug|Any CPU.ActiveCfg = Debug|Any CPU
		{9C8CDA30-E33D-4581-8280-A4457A9E77F1}.Debug|Any CPU.Build.0 = Debug|Any CPU
		{9C8CDA30-E33D-4581-8280-A4457A9E77F1}.Release|Any CPU.ActiveCfg = Release|Any CPU
		{9C8CDA30-E33D-4581-8280-A4457A9E77F1}.Release|Any CPU.Build.0 = Release|Any CPU
	EndGlobalSection
	GlobalSection(SolutionProperties) = preSolution
		HideSolutionNode = FALSE
	EndGlobalSection
	GlobalSection(ExtensibilityGlobals) = postSolution
		SolutionGuid = {1FF8A260-C2D9-419F-A2F0-1117B54ADA34}
	EndGlobalSection
EndGlobal
